
Microsoft Visual Studio Solution File, Format Version 12.00
# Visual Studio Version 16
VisualStudioVersion = 16.0.31911.196
MinimumVisualStudioVersion = 10.0.40219.1
Project("{FAE04EC0-301F-11D3-BF4B-00C04F79EFBC}") = "Task1", "Task1\Task1.csproj", "{F02AD15A-C4A5-442D-B3E8-DF545ABDD328}"
EndProject
Project("{FAE04EC0-301F-11D3-BF4B-00C04F79EFBC}") = "Task2", "Task2\Task2.csproj", "{67870AF3-77EE-413B-9385-13B0FE4CCAEC}"
EndProject
Project("{FAE04EC0-301F-11D3-BF4B-00C04F79EFBC}") = "Task3", "Task3\Task3.csproj", "{DEAC3341-B87A-499F-9AA4-01E4C5EB087C}"
EndProject
Project("{FAE04EC0-301F-11D3-BF4B-00C04F79EFBC}") = "Task4", "Task4\Task4.csproj", "{75091BE2-D9EC-419D-B669-F5137F69D9BA}"
EndProject
Project("{FAE04EC0-301F-11D3-BF4B-00C04F79EFBC}") = "Task5", "Task5\Task5.csproj", "{9C34A5ED-3791-4449-8115-3D7F83ACCBA2}"
EndProject
Project("{FAE04EC0-301F-11D3-BF4B-00C04F79EFBC}") = "Task6", "Task6\Task6.csproj", "{F4095EDD-B20E-4BD1-8B9E-06C52DAC9DCD}"
EndProject
Project("{FAE04EC0-301F-11D3-BF4B-00C04F79EFBC}") = "Task7", "Task7\Task7.csproj", "{2B211E63-9042-4240-93D4-A0C5723C6406}"
EndProject
Project("{FAE04EC0-301F-11D3-BF4B-00C04F79EFBC}") = "Task8", "Task8\Task8.csproj", "{5F5D6D66-FBE9-446C-AA60-31219F6F885A}"
EndProject
Project("{FAE04EC0-301F-11D3-BF4B-00C04F79EFBC}") = "Task9", "Task9\Task9.csproj", "{A52FC1EE-E455-48A5-B1A7-A3777EA4BB14}"
EndProject
Project("{FAE04EC0-301F-11D3-BF4B-00C04F79EFBC}") = "Task10", "Task10\Task10.csproj", "{859C74E3-0EC3-4A47-BA2B-47D50C271DE8}"
EndProject
Project("{FAE04EC0-301F-11D3-BF4B-00C04F79EFBC}") = "Task11", "Task11\Task11.csproj", "{4DC4789D-06F0-4569-AF14-6B0B2BD18D87}"
EndProject
Project("{FAE04EC0-301F-11D3-BF4B-00C04F79EFBC}") = "Task12", "Task12\Task12.csproj", "{BE5E8622-3A70-47E8-B8D0-37FF50D2425C}"
EndProject
Project("{FAE04EC0-301F-11D3-BF4B-00C04F79EFBC}") = "Task13", "Task13\Task13.csproj", "{F0B5B043-BBB4-4714-9E2E-E50E73A0D558}"
EndProject
Project("{FAE04EC0-301F-11D3-BF4B-00C04F79EFBC}") = "Task14", "Task14\Task14.csproj", "{F0BD695E-2680-46CA-ABEA-C55427FD845C}"
EndProject
Project("{FAE04EC0-301F-11D3-BF4B-00C04F79EFBC}") = "Task15", "Task15\Task15.csproj", "{5F3449EC-BDCA-413F-8D64-41D664769DD3}"
EndProject
Global
	GlobalSection(SolutionConfigurationPlatforms) = preSolution
		Debug|Any CPU = Debug|Any CPU
		Release|Any CPU = Release|Any CPU
	EndGlobalSection
	GlobalSection(ProjectConfigurationPlatforms) = postSolution
		{F02AD15A-C4A5-442D-B3E8-DF545ABDD328}.Debug|Any CPU.ActiveCfg = Debug|Any CPU
		{F02AD15A-C4A5-442D-B3E8-DF545ABDD328}.Debug|Any CPU.Build.0 = Debug|Any CPU
		{F02AD15A-C4A5-442D-B3E8-DF545ABDD328}.Release|Any CPU.ActiveCfg = Release|Any CPU
		{F02AD15A-C4A5-442D-B3E8-DF545ABDD328}.Release|Any CPU.Build.0 = Release|Any CPU
		{67870AF3-77EE-413B-9385-13B0FE4CCAEC}.Debug|Any CPU.ActiveCfg = Debug|Any CPU
		{67870AF3-77EE-413B-9385-13B0FE4CCAEC}.Debug|Any CPU.Build.0 = Debug|Any CPU
		{67870AF3-77EE-413B-9385-13B0FE4CCAEC}.Release|Any CPU.ActiveCfg = Release|Any CPU
		{67870AF3-77EE-413B-9385-13B0FE4CCAEC}.Release|Any CPU.Build.0 = Release|Any CPU
		{DEAC3341-B87A-499F-9AA4-01E4C5EB087C}.Debug|Any CPU.ActiveCfg = Debug|Any CPU
		{DEAC3341-B87A-499F-9AA4-01E4C5EB087C}.Debug|Any CPU.Build.0 = Debug|Any CPU
		{DEAC3341-B87A-499F-9AA4-01E4C5EB087C}.Release|Any CPU.ActiveCfg = Release|Any CPU
		{DEAC3341-B87A-499F-9AA4-01E4C5EB087C}.Release|Any CPU.Build.0 = Release|Any CPU
		{75091BE2-D9EC-419D-B669-F5137F69D9BA}.Debug|Any CPU.ActiveCfg = Debug|Any CPU
		{75091BE2-D9EC-419D-B669-F5137F69D9BA}.Debug|Any CPU.Build.0 = Debug|Any CPU
		{75091BE2-D9EC-419D-B669-F5137F69D9BA}.Release|Any CPU.ActiveCfg = Release|Any CPU
		{75091BE2-D9EC-419D-B669-F5137F69D9BA}.Release|Any CPU.Build.0 = Release|Any CPU
		{9C34A5ED-3791-4449-8115-3D7F83ACCBA2}.Debug|Any CPU.ActiveCfg = Debug|Any CPU
		{9C34A5ED-3791-4449-8115-3D7F83ACCBA2}.Debug|Any CPU.Build.0 = Debug|Any CPU
		{9C34A5ED-3791-4449-8115-3D7F83ACCBA2}.Release|Any CPU.ActiveCfg = Release|Any CPU
		{9C34A5ED-3791-4449-8115-3D7F83ACCBA2}.Release|Any CPU.Build.0 = Release|Any CPU
		{F4095EDD-B20E-4BD1-8B9E-06C52DAC9DCD}.Debug|Any CPU.ActiveCfg = Debug|Any CPU
		{F4095EDD-B20E-4BD1-8B9E-06C52DAC9DCD}.Debug|Any CPU.Build.0 = Debug|Any CPU
		{F4095EDD-B20E-4BD1-8B9E-06C52DAC9DCD}.Release|Any CPU.ActiveCfg = Release|Any CPU
		{F4095EDD-B20E-4BD1-8B9E-06C52DAC9DCD}.Release|Any CPU.Build.0 = Release|Any CPU
		{2B211E63-9042-4240-93D4-A0C5723C6406}.Debug|Any CPU.ActiveCfg = Debug|Any CPU
		{2B211E63-9042-4240-93D4-A0C5723C6406}.Debug|Any CPU.Build.0 = Debug|Any CPU
		{2B211E63-9042-4240-93D4-A0C5723C6406}.Release|Any CPU.ActiveCfg = Release|Any CPU
		{2B211E63-9042-4240-93D4-A0C5723C6406}.Release|Any CPU.Build.0 = Release|Any CPU
		{5F5D6D66-FBE9-446C-AA60-31219F6F885A}.Debug|Any CPU.ActiveCfg = Debug|Any CPU
		{5F5D6D66-FBE9-446C-AA60-31219F6F885A}.Debug|Any CPU.Build.0 = Debug|Any CPU
		{5F5D6D66-FBE9-446C-AA60-31219F6F885A}.Release|Any CPU.ActiveCfg = Release|Any CPU
		{5F5D6D66-FBE9-446C-AA60-31219F6F885A}.Release|Any CPU.Build.0 = Release|Any CPU
		{A52FC1EE-E455-48A5-B1A7-A3777EA4BB14}.Debug|Any CPU.ActiveCfg = Debug|Any CPU
		{A52FC1EE-E455-48A5-B1A7-A3777EA4BB14}.Debug|Any CPU.Build.0 = Debug|Any CPU
		{A52FC1EE-E455-48A5-B1A7-A3777EA4BB14}.Release|Any CPU.ActiveCfg = Release|Any CPU
		{A52FC1EE-E455-48A5-B1A7-A3777EA4BB14}.Release|Any CPU.Build.0 = Release|Any CPU
		{859C74E3-0EC3-4A47-BA2B-47D50C271DE8}.Debug|Any CPU.ActiveCfg = Debug|Any CPU
		{859C74E3-0EC3-4A47-BA2B-47D50C271DE8}.Debug|Any CPU.Build.0 = Debug|Any CPU
		{859C74E3-0EC3-4A47-BA2B-47D50C271DE8}.Release|Any CPU.ActiveCfg = Release|Any CPU
		{859C74E3-0EC3-4A47-BA2B-47D50C271DE8}.Release|Any CPU.Build.0 = Release|Any CPU
		{4DC4789D-06F0-4569-AF14-6B0B2BD18D87}.Debug|Any CPU.ActiveCfg = Debug|Any CPU
		{4DC4789D-06F0-4569-AF14-6B0B2BD18D87}.Debug|Any CPU.Build.0 = Debug|Any CPU
		{4DC4789D-06F0-4569-AF14-6B0B2BD18D87}.Release|Any CPU.ActiveCfg = Release|Any CPU
		{4DC4789D-06F0-4569-AF14-6B0B2BD18D87}.Release|Any CPU.Build.0 = Release|Any CPU
		{BE5E8622-3A70-47E8-B8D0-37FF50D2425C}.Debug|Any CPU.ActiveCfg = Debug|Any CPU
		{BE5E8622-3A70-47E8-B8D0-37FF50D2425C}.Debug|Any CPU.Build.0 = Debug|Any CPU
		{BE5E8622-3A70-47E8-B8D0-37FF50D2425C}.Release|Any CPU.ActiveCfg = Release|Any CPU
		{BE5E8622-3A70-47E8-B8D0-37FF50D2425C}.Release|Any CPU.Build.0 = Release|Any CPU
		{F0B5B043-BBB4-4714-9E2E-E50E73A0D558}.Debug|Any CPU.ActiveCfg = Debug|Any CPU
		{F0B5B043-BBB4-4714-9E2E-E50E73A0D558}.Debug|Any CPU.Build.0 = Debug|Any CPU
		{F0B5B043-BBB4-4714-9E2E-E50E73A0D558}.Release|Any CPU.ActiveCfg = Release|Any CPU
		{F0B5B043-BBB4-4714-9E2E-E50E73A0D558}.Release|Any CPU.Build.0 = Release|Any CPU
		{F0BD695E-2680-46CA-ABEA-C55427FD845C}.Debug|Any CPU.ActiveCfg = Debug|Any CPU
		{F0BD695E-2680-46CA-ABEA-C55427FD845C}.Debug|Any CPU.Build.0 = Debug|Any CPU
		{F0BD695E-2680-46CA-ABEA-C55427FD845C}.Release|Any CPU.ActiveCfg = Release|Any CPU
		{F0BD695E-2680-46CA-ABEA-C55427FD845C}.Release|Any CPU.Build.0 = Release|Any CPU
		{5F3449EC-BDCA-413F-8D64-41D664769DD3}.Debug|Any CPU.ActiveCfg = Debug|Any CPU
		{5F3449EC-BDCA-413F-8D64-41D664769DD3}.Debug|Any CPU.Build.0 = Debug|Any CPU
		{5F3449EC-BDCA-413F-8D64-41D664769DD3}.Release|Any CPU.ActiveCfg = Release|Any CPU
		{5F3449EC-BDCA-413F-8D64-41D664769DD3}.Release|Any CPU.Build.0 = Release|Any CPU
	EndGlobalSection
	GlobalSection(SolutionProperties) = preSolution
		HideSolutionNode = FALSE
	EndGlobalSection
	GlobalSection(ExtensibilityGlobals) = postSolution
		SolutionGuid = {D845C0AA-C2E7-48D0-AA99-4BF872AD2DA2}
	EndGlobalSection
EndGlobal
